
Microsoft Visual Studio Solution File, Format Version 12.00
# Visual Studio Version 16
VisualStudioVersion = 16.0.32510.428
MinimumVisualStudioVersion = 10.0.40219.1
Project("{FAE04EC0-301F-11D3-BF4B-00C04F79EFBC}") = "Quintity.TestFramework.Core", "Quintity.TestFramework.Core\Quintity.TestFramework.Core.csproj", "{F6C3DC21-8C28-4A3D-9051-ECE30747AEA8}"
EndProject
Project("{FAE04EC0-301F-11D3-BF4B-00C04F79EFBC}") = "Quintity.TestFramework.Runtime", "Quintity.TestFramework.Runtime\Quintity.TestFramework.Runtime.csproj", "{2C53FF3E-D97D-4112-B175-E4C2A6E4C7D2}"
EndProject
Project("{2150E333-8FDC-42A3-9474-1A3956D46DE8}") = "Solution Items", "Solution Items", "{C758AF9E-BD94-4FC1-94F6-71A7EA8D4182}"
	ProjectSection(SolutionItems) = preProject
		AssemblyVersionInfo.cs = AssemblyVersionInfo.cs
	EndProjectSection
EndProject
Project("{FAE04EC0-301F-11D3-BF4B-00C04F79EFBC}") = "Quintity.TestFramework.TestConsole", "Quintity.TestFramework.TestConsole\Quintity.TestFramework.TestConsole.csproj", "{410D408C-35B0-4E76-AAFD-322145C90502}"
EndProject
Project("{FAE04EC0-301F-11D3-BF4B-00C04F79EFBC}") = "Quintity.TestFramework.TestProject", "Quintity.TestFramework.TestProject\Quintity.TestFramework.TestProject.csproj", "{ECC75963-8A10-47C8-A9EC-A32EB8241CCB}"
	ProjectSection(ProjectDependencies) = postProject
		{410D408C-35B0-4E76-AAFD-322145C90502} = {410D408C-35B0-4E76-AAFD-322145C90502}
	EndProjectSection
EndProject
Project("{FAE04EC0-301F-11D3-BF4B-00C04F79EFBC}") = "Quintity.TestFramework.TestListeners", "Quintity.TestFramework.TestListeners\Quintity.TestFramework.TestListeners.csproj", "{39D7066E-9EE9-4C6B-8E35-B1F5037A3C69}"
EndProject
Global
	GlobalSection(SolutionConfigurationPlatforms) = preSolution
		Debug|Any CPU = Debug|Any CPU
		Release|Any CPU = Release|Any CPU
	EndGlobalSection
	GlobalSection(ProjectConfigurationPlatforms) = postSolution
		{F6C3DC21-8C28-4A3D-9051-ECE30747AEA8}.Debug|Any CPU.ActiveCfg = Debug|Any CPU
		{F6C3DC21-8C28-4A3D-9051-ECE30747AEA8}.Debug|Any CPU.Build.0 = Debug|Any CPU
		{F6C3DC21-8C28-4A3D-9051-ECE30747AEA8}.Release|Any CPU.ActiveCfg = Release|Any CPU
		{F6C3DC21-8C28-4A3D-9051-ECE30747AEA8}.Release|Any CPU.Build.0 = Release|Any CPU
		{2C53FF3E-D97D-4112-B175-E4C2A6E4C7D2}.Debug|Any CPU.ActiveCfg = Debug|Any CPU
		{2C53FF3E-D97D-4112-B175-E4C2A6E4C7D2}.Debug|Any CPU.Build.0 = Debug|Any CPU
		{2C53FF3E-D97D-4112-B175-E4C2A6E4C7D2}.Release|Any CPU.ActiveCfg = Release|Any CPU
		{2C53FF3E-D97D-4112-B175-E4C2A6E4C7D2}.Release|Any CPU.Build.0 = Release|Any CPU
		{410D408C-35B0-4E76-AAFD-322145C90502}.Debug|Any CPU.ActiveCfg = Debug|Any CPU
		{410D408C-35B0-4E76-AAFD-322145C90502}.Debug|Any CPU.Build.0 = Debug|Any CPU
		{410D408C-35B0-4E76-AAFD-322145C90502}.Release|Any CPU.ActiveCfg = Release|Any CPU
		{410D408C-35B0-4E76-AAFD-322145C90502}.Release|Any CPU.Build.0 = Release|Any CPU
		{ECC75963-8A10-47C8-A9EC-A32EB8241CCB}.Debug|Any CPU.ActiveCfg = Debug|Any CPU
		{ECC75963-8A10-47C8-A9EC-A32EB8241CCB}.Debug|Any CPU.Build.0 = Debug|Any CPU
		{ECC75963-8A10-47C8-A9EC-A32EB8241CCB}.Release|Any CPU.ActiveCfg = Release|Any CPU
		{ECC75963-8A10-47C8-A9EC-A32EB8241CCB}.Release|Any CPU.Build.0 = Release|Any CPU
		{39D7066E-9EE9-4C6B-8E35-B1F5037A3C69}.Debug|Any CPU.ActiveCfg = Debug|Any CPU
		{39D7066E-9EE9-4C6B-8E35-B1F5037A3C69}.Debug|Any CPU.Build.0 = Debug|Any CPU
		{39D7066E-9EE9-4C6B-8E35-B1F5037A3C69}.Release|Any CPU.ActiveCfg = Release|Any CPU
		{39D7066E-9EE9-4C6B-8E35-B1F5037A3C69}.Release|Any CPU.Build.0 = Release|Any CPU
	EndGlobalSection
	GlobalSection(SolutionProperties) = preSolution
		HideSolutionNode = FALSE
	EndGlobalSection
	GlobalSection(ExtensibilityGlobals) = postSolution
		SolutionGuid = {AECF8CEA-94B8-4C71-AF03-704FF4490761}
	EndGlobalSection
EndGlobal
